
Microsoft Visual Studio Solution File, Format Version 12.00
# Visual Studio Version 17
VisualStudioVersion = 17.13.35931.197
MinimumVisualStudioVersion = 10.0.40219.1
Project("{FAE04EC0-301F-11D3-BF4B-00C04F79EFBC}") = "HouseholdAccountBook", "HouseholdAccountBook\HouseholdAccountBook.csproj", "{EB3FE09F-77F7-461A-B4E4-7B48E227AB6E}"
EndProject
Global
	GlobalSection(SolutionConfigurationPlatforms) = preSolution
		Debug|Any CPU = Debug|Any CPU
		Release|Any CPU = Release|Any CPU
	EndGlobalSection
	GlobalSection(ProjectConfigurationPlatforms) = postSolution
		{EB3FE09F-77F7-461A-B4E4-7B48E227AB6E}.Debug|Any CPU.ActiveCfg = Debug|Any CPU
		{EB3FE09F-77F7-461A-B4E4-7B48E227AB6E}.Debug|Any CPU.Build.0 = Debug|Any CPU
		{EB3FE09F-77F7-461A-B4E4-7B48E227AB6E}.Release|Any CPU.ActiveCfg = Release|Any CPU
		{EB3FE09F-77F7-461A-B4E4-7B48E227AB6E}.Release|Any CPU.Build.0 = Release|Any CPU
	EndGlobalSection
	GlobalSection(SolutionProperties) = preSolution
		HideSolutionNode = FALSE
	EndGlobalSection
	GlobalSection(ExtensibilityGlobals) = postSolution
		SolutionGuid = {E811E6F2-58D5-4EC4-923C-2602BABE7F5B}
	EndGlobalSection
EndGlobal
